
Microsoft Visual Studio Solution File, Format Version 12.00
# Visual Studio Version 17
VisualStudioVersion = 17.8.34511.84
MinimumVisualStudioVersion = 10.0.40219.1
Project("{888888A0-9F3D-457C-B088-3A5042F75D52}") = "Robots", "Robots\Robots.pyproj", "{660C093A-F948-4C1A-BAA3-D8EB2AACAAF7}"
EndProject
Global
	GlobalSection(SolutionConfigurationPlatforms) = preSolution
		Debug|Any CPU = Debug|Any CPU
		Release|Any CPU = Release|Any CPU
	EndGlobalSection
	GlobalSection(ProjectConfigurationPlatforms) = postSolution
		{660C093A-F948-4C1A-BAA3-D8EB2AACAAF7}.Debug|Any CPU.ActiveCfg = Debug|Any CPU
		{660C093A-F948-4C1A-BAA3-D8EB2AACAAF7}.Release|Any CPU.ActiveCfg = Release|Any CPU
	EndGlobalSection
	GlobalSection(SolutionProperties) = preSolution
		HideSolutionNode = FALSE
	EndGlobalSection
	GlobalSection(ExtensibilityGlobals) = postSolution
		SolutionGuid = {7260AE32-A1EF-4E9C-9735-D2839C8184B0}
	EndGlobalSection
EndGlobal
